<?xml version="1.0" encoding="utf-8"?>
<Project ToolsVersion="15.0" xmlns="http://schemas.microsoft.com/developer/msbuild/2003">
  <ItemGroup>
    <ClCompile Include="dummy.cpp" />
    <ClCompile Include="common\AppendFile.cpp">
      <Filter>common</Filter>
    </ClCompile>
    <ClCompile Include="logging.muduo\AsyncLogging.cpp">
      <Filter>loggin.muduo</Filter>
    </ClCompile>
    <ClCompile Include="logging.muduo\LogStream.cpp">
      <Filter>loggin.muduo</Filter>
    </ClCompile>
    <ClCompile Include="logging.muduo\Logging.cpp">
      <Filter>loggin.muduo</Filter>
    </ClCompile>
    <ClCompile Include="logging.muduo\LogFile.cpp">
      <Filter>loggin.muduo</Filter>
    </ClCompile>
    <ClCompile Include="port\port_posix.cpp">
      <Filter>port</Filter>
    </ClCompile>
    <ClCompile Include="reactor.muduo\Channel.cpp">
      <Filter>reactor.muduo</Filter>
    </ClCompile>
    <ClCompile Include="reactor.muduo\EPollPoller.cpp">
      <Filter>reactor.muduo</Filter>
    </ClCompile>
    <ClCompile Include="reactor.muduo\Poller.cpp">
      <Filter>reactor.muduo</Filter>
    </ClCompile>
    <ClCompile Include="reactor.muduo\PollPoller.cpp">
      <Filter>reactor.muduo</Filter>
    </ClCompile>
    <ClCompile Include="reactor.muduo\EventLoop.cpp">
      <Filter>reactor.muduo</Filter>
    </ClCompile>
    <ClCompile Include="reactor.muduo\EventLoopThread.cpp">
      <Filter>reactor.muduo</Filter>
    </ClCompile>
    <ClCompile Include="reactor.muduo\EventLoopThreadPool.cpp">
      <Filter>reactor.muduo</Filter>
    </ClCompile>
    <ClCompile Include="socket.muduo\InetAddress.cpp">
      <Filter>socket.muduo</Filter>
    </ClCompile>
    <ClCompile Include="socket.muduo\Socket.cpp">
      <Filter>socket.muduo</Filter>
    </ClCompile>
    <ClCompile Include="socket.muduo\SocketsOps.cpp">
      <Filter>socket.muduo</Filter>
    </ClCompile>
    <ClCompile Include="testharness.leveldb\testharness.cpp">
      <Filter>testharness.leveldb</Filter>
    </ClCompile>
    <ClCompile Include="thread.muduo\CurrentThread.cpp">
      <Filter>thread.muduo</Filter>
    </ClCompile>
    <ClCompile Include="thread.muduo\Thread.cpp">
      <Filter>thread.muduo</Filter>
    </ClCompile>
    <ClCompile Include="thread.muduo\thread_util.cpp">
      <Filter>thread.muduo</Filter>
    </ClCompile>
    <ClCompile Include="TimerQueue.muduo\Timer.cpp">
      <Filter>TimerQueue.muduo</Filter>
    </ClCompile>
    <ClCompile Include="TimerQueue.muduo\TimerQueue.cpp">
      <Filter>TimerQueue.muduo</Filter>
    </ClCompile>
    <ClCompile Include="TimerQueue.muduo\Timestamp.cc">
      <Filter>TimerQueue.muduo</Filter>
    </ClCompile>
    <ClCompile Include="tcp.muduo\Acceptor.cpp">
      <Filter>tcp.muduo</Filter>
    </ClCompile>
    <ClCompile Include="tcp.muduo\Buffer.cpp">
      <Filter>tcp.muduo</Filter>
    </ClCompile>
    <ClCompile Include="tcp.muduo\Connector.cpp">
      <Filter>tcp.muduo</Filter>
    </ClCompile>
    <ClCompile Include="tcp.muduo\TcpClient.cc">
      <Filter>tcp.muduo</Filter>
    </ClCompile>
    <ClCompile Include="tcp.muduo\TcpConnection.cpp">
      <Filter>tcp.muduo</Filter>
    </ClCompile>
    <ClCompile Include="tcp.muduo\TcpServer.cpp">
      <Filter>tcp.muduo</Filter>
    </ClCompile>
    <ClCompile Include="reactor.muduo\DefaultPoller.cpp">
      <Filter>reactor.muduo</Filter>
    </ClCompile>
    <ClCompile Include="thread.muduo\tests\__thread__test\ThreadObject.cpp">
      <Filter>thread.muduo</Filter>
    </ClCompile>
  </ItemGroup>
  <ItemGroup>
    <ClInclude Include="dummy.h" />
    <ClInclude Include="common\AppendFile.h">
      <Filter>common</Filter>
    </ClInclude>
    <ClInclude Include="common\Atomic.h">
      <Filter>common</Filter>
    </ClInclude>
    <ClInclude Include="common\atomic_pointer.h">
      <Filter>common</Filter>
    </ClInclude>
    <ClInclude Include="common\copyable.h">
      <Filter>common</Filter>
    </ClInclude>
    <ClInclude Include="common\noncopyable.h">
      <Filter>common</Filter>
    </ClInclude>
    <ClInclude Include="common\FixedBuffer.h">
      <Filter>common</Filter>
    </ClInclude>
    <ClInclude Include="common\MutexLock.h">
      <Filter>common</Filter>
    </ClInclude>
    <ClInclude Include="common\Slice.h">
      <Filter>common</Filter>
    </ClInclude>
    <ClInclude Include="logging.muduo\AsyncLogging.h">
      <Filter>loggin.muduo</Filter>
    </ClInclude>
    <ClInclude Include="logging.muduo\LogStream.h">
      <Filter>loggin.muduo</Filter>
    </ClInclude>
    <ClInclude Include="logging.muduo\Logging.h">
      <Filter>loggin.muduo</Filter>
    </ClInclude>
    <ClInclude Include="logging.muduo\LogFile.h">
      <Filter>loggin.muduo</Filter>
    </ClInclude>
    <ClInclude Include="port\port.h">
      <Filter>port</Filter>
    </ClInclude>
    <ClInclude Include="port\port_posix.h">
      <Filter>port</Filter>
    </ClInclude>
    <ClInclude Include="reactor.muduo\Channel.h">
      <Filter>reactor.muduo</Filter>
    </ClInclude>
    <ClInclude Include="reactor.muduo\EPollPoller.h">
      <Filter>reactor.muduo</Filter>
    </ClInclude>
    <ClInclude Include="reactor.muduo\Poller.h">
      <Filter>reactor.muduo</Filter>
    </ClInclude>
    <ClInclude Include="reactor.muduo\PollPoller.h">
      <Filter>reactor.muduo</Filter>
    </ClInclude>
    <ClInclude Include="reactor.muduo\EventLoop.h">
      <Filter>reactor.muduo</Filter>
    </ClInclude>
    <ClInclude Include="reactor.muduo\EventLoopThread.h">
      <Filter>reactor.muduo</Filter>
    </ClInclude>
    <ClInclude Include="reactor.muduo\EventLoopThreadPool.h">
      <Filter>reactor.muduo</Filter>
    </ClInclude>
    <ClInclude Include="socket.muduo\Endian.h">
      <Filter>socket.muduo</Filter>
    </ClInclude>
    <ClInclude Include="socket.muduo\InetAddress.h">
      <Filter>socket.muduo</Filter>
    </ClInclude>
    <ClInclude Include="socket.muduo\Socket.h">
      <Filter>socket.muduo</Filter>
    </ClInclude>
    <ClInclude Include="socket.muduo\SocketsOps.h">
      <Filter>socket.muduo</Filter>
    </ClInclude>
    <ClInclude Include="testharness.leveldb\testharness.h">
      <Filter>testharness.leveldb</Filter>
    </ClInclude>
    <ClInclude Include="thread.muduo\CurrentThread.h">
      <Filter>thread.muduo</Filter>
    </ClInclude>
    <ClInclude Include="thread.muduo\Thread.h">
      <Filter>thread.muduo</Filter>
    </ClInclude>
    <ClInclude Include="thread.muduo\thread_util.h">
      <Filter>thread.muduo</Filter>
    </ClInclude>
    <ClInclude Include="TimerQueue.muduo\AtomicPointer_temp.h">
      <Filter>TimerQueue.muduo</Filter>
    </ClInclude>
    <ClInclude Include="TimerQueue.muduo\TimerId.h">
      <Filter>TimerQueue.muduo</Filter>
    </ClInclude>
    <ClInclude Include="TimerQueue.muduo\Timer.h">
      <Filter>TimerQueue.muduo</Filter>
    </ClInclude>
    <ClInclude Include="TimerQueue.muduo\TimerQueue.h">
      <Filter>TimerQueue.muduo</Filter>
    </ClInclude>
    <ClInclude Include="TimerQueue.muduo\Timestamp.h">
      <Filter>TimerQueue.muduo</Filter>
    </ClInclude>
    <ClInclude Include="tcp.muduo\Acceptor.h">
      <Filter>tcp.muduo</Filter>
    </ClInclude>
    <ClInclude Include="tcp.muduo\Buffer.h">
      <Filter>tcp.muduo</Filter>
    </ClInclude>
    <ClInclude Include="tcp.muduo\Callbacks.h">
      <Filter>tcp.muduo</Filter>
    </ClInclude>
    <ClInclude Include="tcp.muduo\Connector.h">
      <Filter>tcp.muduo</Filter>
    </ClInclude>
    <ClInclude Include="tcp.muduo\TcpClient.h">
      <Filter>tcp.muduo</Filter>
    </ClInclude>
    <ClInclude Include="tcp.muduo\TcpConnection.h">
      <Filter>tcp.muduo</Filter>
    </ClInclude>
    <ClInclude Include="tcp.muduo\TcpServer.h">
      <Filter>tcp.muduo</Filter>
    </ClInclude>
    <ClInclude Include="thread.muduo\tests\__thread__test\ThreadObject.h">
      <Filter>thread.muduo</Filter>
    </ClInclude>
  </ItemGroup>
  <ItemGroup>
    <Filter Include="common">
      <UniqueIdentifier>{184f53bf-4aff-4a75-981b-04cadbc45d5c}</UniqueIdentifier>
    </Filter>
    <Filter Include="loggin.muduo">
      <UniqueIdentifier>{1378137c-131a-457e-ab99-1f5113ea0841}</UniqueIdentifier>
    </Filter>
    <Filter Include="port">
      <UniqueIdentifier>{ed28991c-f501-468f-8fb2-ef53141f1544}</UniqueIdentifier>
    </Filter>
    <Filter Include="reactor.muduo">
      <UniqueIdentifier>{c7fddfe1-9ff3-4a22-a10e-eb4590ef0b77}</UniqueIdentifier>
    </Filter>
    <Filter Include="socket.muduo">
      <UniqueIdentifier>{94ae62ca-7e20-4a65-95cd-8d3d8b7141cb}</UniqueIdentifier>
    </Filter>
    <Filter Include="testharness.leveldb">
      <UniqueIdentifier>{aa2c58b4-ff6a-48ce-bb27-c8a05f507ed5}</UniqueIdentifier>
    </Filter>
    <Filter Include="thread.muduo">
      <UniqueIdentifier>{8d0b47f7-3a5e-4066-9383-c6d8fc0b737d}</UniqueIdentifier>
    </Filter>
    <Filter Include="TimerQueue.muduo">
      <UniqueIdentifier>{5ae5be89-8487-4d04-b586-7201db99d489}</UniqueIdentifier>
    </Filter>
    <Filter Include="tcp.muduo">
      <UniqueIdentifier>{3b5de1b3-adb2-4323-ab46-6968bf909a24}</UniqueIdentifier>
    </Filter>
  </ItemGroup>
</Project>